
Microsoft Visual Studio Solution File, Format Version 12.00
# Visual Studio Version 17
VisualStudioVersion = 17.5.002.0
MinimumVisualStudioVersion = 10.0.40219.1
Project("{9A19103F-16F7-4668-BE54-9A1E7A4F7556}") = "BackBolinha", "BackBolinha.csproj", "{938E62D6-518F-4128-A6CD-D2B88F001BC8}"
EndProject
Global
	GlobalSection(SolutionConfigurationPlatforms) = preSolution
		Debug|Any CPU = Debug|Any CPU
		Release|Any CPU = Release|Any CPU
	EndGlobalSection
	GlobalSection(ProjectConfigurationPlatforms) = postSolution
		{938E62D6-518F-4128-A6CD-D2B88F001BC8}.Debug|Any CPU.ActiveCfg = Debug|Any CPU
		{938E62D6-518F-4128-A6CD-D2B88F001BC8}.Debug|Any CPU.Build.0 = Debug|Any CPU
		{938E62D6-518F-4128-A6CD-D2B88F001BC8}.Release|Any CPU.ActiveCfg = Release|Any CPU
		{938E62D6-518F-4128-A6CD-D2B88F001BC8}.Release|Any CPU.Build.0 = Release|Any CPU
	EndGlobalSection
	GlobalSection(SolutionProperties) = preSolution
		HideSolutionNode = FALSE
	EndGlobalSection
	GlobalSection(ExtensibilityGlobals) = postSolution
		SolutionGuid = {C63385B2-457F-4401-955A-5544D84B7368}
	EndGlobalSection
EndGlobal
